
Microsoft Visual Studio Solution File, Format Version 12.00
# Visual Studio 15
VisualStudioVersion = 15.0.28307.572
MinimumVisualStudioVersion = 10.0.40219.1
Project("{8BC9CEB8-8B4A-11D0-8D11-00A0C91BC942}") = "1069", "1069\1069.vcxproj", "{01AE5C8C-30C8-404D-A9D0-F557F0EA71D0}"
EndProject
Global
	GlobalSection(SolutionConfigurationPlatforms) = preSolution
		Debug|x64 = Debug|x64
		Debug|x86 = Debug|x86
		Release|x64 = Release|x64
		Release|x86 = Release|x86
	EndGlobalSection
	GlobalSection(ProjectConfigurationPlatforms) = postSolution
		{01AE5C8C-30C8-404D-A9D0-F557F0EA71D0}.Debug|x64.ActiveCfg = Debug|x64
		{01AE5C8C-30C8-404D-A9D0-F557F0EA71D0}.Debug|x64.Build.0 = Debug|x64
		{01AE5C8C-30C8-404D-A9D0-F557F0EA71D0}.Debug|x86.ActiveCfg = Debug|Win32
		{01AE5C8C-30C8-404D-A9D0-F557F0EA71D0}.Debug|x86.Build.0 = Debug|Win32
		{01AE5C8C-30C8-404D-A9D0-F557F0EA71D0}.Release|x64.ActiveCfg = Release|x64
		{01AE5C8C-30C8-404D-A9D0-F557F0EA71D0}.Release|x64.Build.0 = Release|x64
		{01AE5C8C-30C8-404D-A9D0-F557F0EA71D0}.Release|x86.ActiveCfg = Release|Win32
		{01AE5C8C-30C8-404D-A9D0-F557F0EA71D0}.Release|x86.Build.0 = Release|Win32
	EndGlobalSection
	GlobalSection(SolutionProperties) = preSolution
		HideSolutionNode = FALSE
	EndGlobalSection
	GlobalSection(ExtensibilityGlobals) = postSolution
		SolutionGuid = {E83C6BEF-0A8F-47EF-B5D0-9EBD01046C98}
	EndGlobalSection
EndGlobal
