
Microsoft Visual Studio Solution File, Format Version 12.00
# Visual Studio 15
VisualStudioVersion = 15.0.28307.572
MinimumVisualStudioVersion = 10.0.40219.1
Project("{8BC9CEB8-8B4A-11D0-8D11-00A0C91BC942}") = "1002", "1002\1002.vcxproj", "{77F29A6B-9E04-4820-BFDA-6E3AB95833CC}"
EndProject
Global
	GlobalSection(SolutionConfigurationPlatforms) = preSolution
		Debug|x64 = Debug|x64
		Debug|x86 = Debug|x86
		Release|x64 = Release|x64
		Release|x86 = Release|x86
	EndGlobalSection
	GlobalSection(ProjectConfigurationPlatforms) = postSolution
		{77F29A6B-9E04-4820-BFDA-6E3AB95833CC}.Debug|x64.ActiveCfg = Debug|x64
		{77F29A6B-9E04-4820-BFDA-6E3AB95833CC}.Debug|x64.Build.0 = Debug|x64
		{77F29A6B-9E04-4820-BFDA-6E3AB95833CC}.Debug|x86.ActiveCfg = Debug|Win32
		{77F29A6B-9E04-4820-BFDA-6E3AB95833CC}.Debug|x86.Build.0 = Debug|Win32
		{77F29A6B-9E04-4820-BFDA-6E3AB95833CC}.Release|x64.ActiveCfg = Release|x64
		{77F29A6B-9E04-4820-BFDA-6E3AB95833CC}.Release|x64.Build.0 = Release|x64
		{77F29A6B-9E04-4820-BFDA-6E3AB95833CC}.Release|x86.ActiveCfg = Release|Win32
		{77F29A6B-9E04-4820-BFDA-6E3AB95833CC}.Release|x86.Build.0 = Release|Win32
	EndGlobalSection
	GlobalSection(SolutionProperties) = preSolution
		HideSolutionNode = FALSE
	EndGlobalSection
	GlobalSection(ExtensibilityGlobals) = postSolution
		SolutionGuid = {F90073A7-0DA3-4BCE-901C-4769880AD1B7}
	EndGlobalSection
EndGlobal
