
Microsoft Visual Studio Solution File, Format Version 12.00
# Visual Studio 15
VisualStudioVersion = 15.0.28307.572
MinimumVisualStudioVersion = 10.0.40219.1
Project("{8BC9CEB8-8B4A-11D0-8D11-00A0C91BC942}") = "10816", "10816\10816.vcxproj", "{608F6812-008E-48A9-A880-59EC7313D791}"
EndProject
Global
	GlobalSection(SolutionConfigurationPlatforms) = preSolution
		Debug|x64 = Debug|x64
		Debug|x86 = Debug|x86
		Release|x64 = Release|x64
		Release|x86 = Release|x86
	EndGlobalSection
	GlobalSection(ProjectConfigurationPlatforms) = postSolution
		{608F6812-008E-48A9-A880-59EC7313D791}.Debug|x64.ActiveCfg = Debug|x64
		{608F6812-008E-48A9-A880-59EC7313D791}.Debug|x64.Build.0 = Debug|x64
		{608F6812-008E-48A9-A880-59EC7313D791}.Debug|x86.ActiveCfg = Debug|Win32
		{608F6812-008E-48A9-A880-59EC7313D791}.Debug|x86.Build.0 = Debug|Win32
		{608F6812-008E-48A9-A880-59EC7313D791}.Release|x64.ActiveCfg = Release|x64
		{608F6812-008E-48A9-A880-59EC7313D791}.Release|x64.Build.0 = Release|x64
		{608F6812-008E-48A9-A880-59EC7313D791}.Release|x86.ActiveCfg = Release|Win32
		{608F6812-008E-48A9-A880-59EC7313D791}.Release|x86.Build.0 = Release|Win32
	EndGlobalSection
	GlobalSection(SolutionProperties) = preSolution
		HideSolutionNode = FALSE
	EndGlobalSection
	GlobalSection(ExtensibilityGlobals) = postSolution
		SolutionGuid = {034F5FE0-8B73-49D9-A808-E8F32F35351C}
	EndGlobalSection
EndGlobal
