
Microsoft Visual Studio Solution File, Format Version 12.00
# Visual Studio 15
VisualStudioVersion = 15.0.28307.572
MinimumVisualStudioVersion = 10.0.40219.1
Project("{8BC9CEB8-8B4A-11D0-8D11-00A0C91BC942}") = "11505", "11505\11505.vcxproj", "{71F5D5E2-C4F7-43CE-A4B7-0C414E7234AD}"
EndProject
Global
	GlobalSection(SolutionConfigurationPlatforms) = preSolution
		Debug|x64 = Debug|x64
		Debug|x86 = Debug|x86
		Release|x64 = Release|x64
		Release|x86 = Release|x86
	EndGlobalSection
	GlobalSection(ProjectConfigurationPlatforms) = postSolution
		{71F5D5E2-C4F7-43CE-A4B7-0C414E7234AD}.Debug|x64.ActiveCfg = Debug|x64
		{71F5D5E2-C4F7-43CE-A4B7-0C414E7234AD}.Debug|x64.Build.0 = Debug|x64
		{71F5D5E2-C4F7-43CE-A4B7-0C414E7234AD}.Debug|x86.ActiveCfg = Debug|Win32
		{71F5D5E2-C4F7-43CE-A4B7-0C414E7234AD}.Debug|x86.Build.0 = Debug|Win32
		{71F5D5E2-C4F7-43CE-A4B7-0C414E7234AD}.Release|x64.ActiveCfg = Release|x64
		{71F5D5E2-C4F7-43CE-A4B7-0C414E7234AD}.Release|x64.Build.0 = Release|x64
		{71F5D5E2-C4F7-43CE-A4B7-0C414E7234AD}.Release|x86.ActiveCfg = Release|Win32
		{71F5D5E2-C4F7-43CE-A4B7-0C414E7234AD}.Release|x86.Build.0 = Release|Win32
	EndGlobalSection
	GlobalSection(SolutionProperties) = preSolution
		HideSolutionNode = FALSE
	EndGlobalSection
	GlobalSection(ExtensibilityGlobals) = postSolution
		SolutionGuid = {B9D99AD7-44E5-4A01-9730-F0DDDD4489F6}
	EndGlobalSection
EndGlobal
