
Microsoft Visual Studio Solution File, Format Version 12.00
# Visual Studio 15
VisualStudioVersion = 15.0.28307.572
MinimumVisualStudioVersion = 10.0.40219.1
Project("{8BC9CEB8-8B4A-11D0-8D11-00A0C91BC942}") = "1003", "1003\1003.vcxproj", "{7C82AB4C-69B6-4893-A422-2C978DA90C67}"
EndProject
Global
	GlobalSection(SolutionConfigurationPlatforms) = preSolution
		Debug|x64 = Debug|x64
		Debug|x86 = Debug|x86
		Release|x64 = Release|x64
		Release|x86 = Release|x86
	EndGlobalSection
	GlobalSection(ProjectConfigurationPlatforms) = postSolution
		{7C82AB4C-69B6-4893-A422-2C978DA90C67}.Debug|x64.ActiveCfg = Debug|x64
		{7C82AB4C-69B6-4893-A422-2C978DA90C67}.Debug|x64.Build.0 = Debug|x64
		{7C82AB4C-69B6-4893-A422-2C978DA90C67}.Debug|x86.ActiveCfg = Debug|Win32
		{7C82AB4C-69B6-4893-A422-2C978DA90C67}.Debug|x86.Build.0 = Debug|Win32
		{7C82AB4C-69B6-4893-A422-2C978DA90C67}.Release|x64.ActiveCfg = Release|x64
		{7C82AB4C-69B6-4893-A422-2C978DA90C67}.Release|x64.Build.0 = Release|x64
		{7C82AB4C-69B6-4893-A422-2C978DA90C67}.Release|x86.ActiveCfg = Release|Win32
		{7C82AB4C-69B6-4893-A422-2C978DA90C67}.Release|x86.Build.0 = Release|Win32
	EndGlobalSection
	GlobalSection(SolutionProperties) = preSolution
		HideSolutionNode = FALSE
	EndGlobalSection
	GlobalSection(ExtensibilityGlobals) = postSolution
		SolutionGuid = {14109261-531B-415C-A040-A8CC980E0FC6}
	EndGlobalSection
EndGlobal
