
Microsoft Visual Studio Solution File, Format Version 12.00
# Visual Studio 15
VisualStudioVersion = 15.0.28307.539
MinimumVisualStudioVersion = 10.0.40219.1
Project("{8BC9CEB8-8B4A-11D0-8D11-00A0C91BC942}") = "1302", "1302\1302.vcxproj", "{16C1A890-9609-49DD-B213-AEC621A3550E}"
EndProject
Global
	GlobalSection(SolutionConfigurationPlatforms) = preSolution
		Debug|x64 = Debug|x64
		Debug|x86 = Debug|x86
		Release|x64 = Release|x64
		Release|x86 = Release|x86
	EndGlobalSection
	GlobalSection(ProjectConfigurationPlatforms) = postSolution
		{16C1A890-9609-49DD-B213-AEC621A3550E}.Debug|x64.ActiveCfg = Debug|x64
		{16C1A890-9609-49DD-B213-AEC621A3550E}.Debug|x64.Build.0 = Debug|x64
		{16C1A890-9609-49DD-B213-AEC621A3550E}.Debug|x86.ActiveCfg = Debug|Win32
		{16C1A890-9609-49DD-B213-AEC621A3550E}.Debug|x86.Build.0 = Debug|Win32
		{16C1A890-9609-49DD-B213-AEC621A3550E}.Release|x64.ActiveCfg = Release|x64
		{16C1A890-9609-49DD-B213-AEC621A3550E}.Release|x64.Build.0 = Release|x64
		{16C1A890-9609-49DD-B213-AEC621A3550E}.Release|x86.ActiveCfg = Release|Win32
		{16C1A890-9609-49DD-B213-AEC621A3550E}.Release|x86.Build.0 = Release|Win32
	EndGlobalSection
	GlobalSection(SolutionProperties) = preSolution
		HideSolutionNode = FALSE
	EndGlobalSection
	GlobalSection(ExtensibilityGlobals) = postSolution
		SolutionGuid = {2DDF95D6-D3F7-4232-9AB0-149E03C8252A}
	EndGlobalSection
EndGlobal
