
Microsoft Visual Studio Solution File, Format Version 12.00
# Visual Studio 15
VisualStudioVersion = 15.0.28307.572
MinimumVisualStudioVersion = 10.0.40219.1
Project("{8BC9CEB8-8B4A-11D0-8D11-00A0C91BC942}") = "14169", "14169\14169.vcxproj", "{34957F76-BCE5-4D99-8E64-A4F15425495F}"
EndProject
Global
	GlobalSection(SolutionConfigurationPlatforms) = preSolution
		Debug|x64 = Debug|x64
		Debug|x86 = Debug|x86
		Release|x64 = Release|x64
		Release|x86 = Release|x86
	EndGlobalSection
	GlobalSection(ProjectConfigurationPlatforms) = postSolution
		{34957F76-BCE5-4D99-8E64-A4F15425495F}.Debug|x64.ActiveCfg = Debug|x64
		{34957F76-BCE5-4D99-8E64-A4F15425495F}.Debug|x64.Build.0 = Debug|x64
		{34957F76-BCE5-4D99-8E64-A4F15425495F}.Debug|x86.ActiveCfg = Debug|Win32
		{34957F76-BCE5-4D99-8E64-A4F15425495F}.Debug|x86.Build.0 = Debug|Win32
		{34957F76-BCE5-4D99-8E64-A4F15425495F}.Release|x64.ActiveCfg = Release|x64
		{34957F76-BCE5-4D99-8E64-A4F15425495F}.Release|x64.Build.0 = Release|x64
		{34957F76-BCE5-4D99-8E64-A4F15425495F}.Release|x86.ActiveCfg = Release|Win32
		{34957F76-BCE5-4D99-8E64-A4F15425495F}.Release|x86.Build.0 = Release|Win32
	EndGlobalSection
	GlobalSection(SolutionProperties) = preSolution
		HideSolutionNode = FALSE
	EndGlobalSection
	GlobalSection(ExtensibilityGlobals) = postSolution
		SolutionGuid = {5AB4DC6F-8293-4279-B7FF-362D901ABDDB}
	EndGlobalSection
EndGlobal
